
Microsoft Visual Studio Solution File, Format Version 12.00
# Visual Studio Version 16
VisualStudioVersion = 16.0.31729.503
MinimumVisualStudioVersion = 10.0.40219.1
Project("{FAE04EC0-301F-11D3-BF4B-00C04F79EFBC}") = "SummaryRemark", "SummaryRemark\SummaryRemark.csproj", "{762BC81E-1CE8-4B4D-BBCD-D155A8546A1D}"
EndProject
Global
	GlobalSection(SolutionConfigurationPlatforms) = preSolution
		Debug|Any CPU = Debug|Any CPU
		Release|Any CPU = Release|Any CPU
	EndGlobalSection
	GlobalSection(ProjectConfigurationPlatforms) = postSolution
		{762BC81E-1CE8-4B4D-BBCD-D155A8546A1D}.Debug|Any CPU.ActiveCfg = Debug|Any CPU
		{762BC81E-1CE8-4B4D-BBCD-D155A8546A1D}.Debug|Any CPU.Build.0 = Debug|Any CPU
		{762BC81E-1CE8-4B4D-BBCD-D155A8546A1D}.Release|Any CPU.ActiveCfg = Release|Any CPU
		{762BC81E-1CE8-4B4D-BBCD-D155A8546A1D}.Release|Any CPU.Build.0 = Release|Any CPU
	EndGlobalSection
	GlobalSection(SolutionProperties) = preSolution
		HideSolutionNode = FALSE
	EndGlobalSection
	GlobalSection(ExtensibilityGlobals) = postSolution
		SolutionGuid = {56F2900D-2B00-4D81-845B-515E2A581D17}
	EndGlobalSection
EndGlobal
